{
  "name": "fastai2-starlette",
  "version": "1.0.0",
  "lockfileVersion": 1,
  "requires": true,
  "dependencies": {
    "json-formatter-js": {
      "version": "2.3.3",
      "resolved": "https://registry.npmjs.org/json-formatter-js/-/json-formatter-js-2.3.3.tgz",
      "integrity": "sha512-6JpHBCm6a+YB7cLye7b2Rxsim37pxpsP5674ASRZYaFiLK+397c7CLOENru2gtiBwMz6s2NCuHVENn4fC42oeQ=="
    }
  }
}
